
Microsoft Visual Studio Solution File, Format Version 12.00
# Visual Studio Version 17
VisualStudioVersion = 17.6.33829.357
MinimumVisualStudioVersion = 10.0.40219.1
Project("{9A19103F-16F7-4668-BE54-9A1E7A4F7556}") = "WebApiMariaMC", "WebApiMariaMC\WebApiMariaMC.csproj", "{C56C0665-FC1B-40E8-8B7F-62C36ED46BE3}"
EndProject
Project("{9A19103F-16F7-4668-BE54-9A1E7A4F7556}") = "Data", "Data\Data.csproj", "{23FD3448-821D-4A07-B8EB-367D437593E1}"
EndProject
Project("{9A19103F-16F7-4668-BE54-9A1E7A4F7556}") = "Entities", "Entities\Entities.csproj", "{54227E89-0778-43B8-86AC-882AAC31C9F9}"
EndProject
Project("{9A19103F-16F7-4668-BE54-9A1E7A4F7556}") = "Logic", "ClassLibrary1\Logic.csproj", "{1780E32A-A36C-48C7-9528-4A196DF245C6}"
EndProject
Project("{FAE04EC0-301F-11D3-BF4B-00C04F79EFBC}") = "Enumeradores", "Enumeradores\Enumeradores.csproj", "{7EF3DC11-7186-4F80-AB6E-1E6CCFCB7742}"
EndProject
Global
	GlobalSection(SolutionConfigurationPlatforms) = preSolution
		Debug|Any CPU = Debug|Any CPU
		Release|Any CPU = Release|Any CPU
	EndGlobalSection
	GlobalSection(ProjectConfigurationPlatforms) = postSolution
		{C56C0665-FC1B-40E8-8B7F-62C36ED46BE3}.Debug|Any CPU.ActiveCfg = Debug|Any CPU
		{C56C0665-FC1B-40E8-8B7F-62C36ED46BE3}.Debug|Any CPU.Build.0 = Debug|Any CPU
		{C56C0665-FC1B-40E8-8B7F-62C36ED46BE3}.Release|Any CPU.ActiveCfg = Release|Any CPU
		{C56C0665-FC1B-40E8-8B7F-62C36ED46BE3}.Release|Any CPU.Build.0 = Release|Any CPU
		{23FD3448-821D-4A07-B8EB-367D437593E1}.Debug|Any CPU.ActiveCfg = Debug|Any CPU
		{23FD3448-821D-4A07-B8EB-367D437593E1}.Debug|Any CPU.Build.0 = Debug|Any CPU
		{23FD3448-821D-4A07-B8EB-367D437593E1}.Release|Any CPU.ActiveCfg = Release|Any CPU
		{23FD3448-821D-4A07-B8EB-367D437593E1}.Release|Any CPU.Build.0 = Release|Any CPU
		{54227E89-0778-43B8-86AC-882AAC31C9F9}.Debug|Any CPU.ActiveCfg = Debug|Any CPU
		{54227E89-0778-43B8-86AC-882AAC31C9F9}.Debug|Any CPU.Build.0 = Debug|Any CPU
		{54227E89-0778-43B8-86AC-882AAC31C9F9}.Release|Any CPU.ActiveCfg = Release|Any CPU
		{54227E89-0778-43B8-86AC-882AAC31C9F9}.Release|Any CPU.Build.0 = Release|Any CPU
		{1780E32A-A36C-48C7-9528-4A196DF245C6}.Debug|Any CPU.ActiveCfg = Debug|Any CPU
		{1780E32A-A36C-48C7-9528-4A196DF245C6}.Debug|Any CPU.Build.0 = Debug|Any CPU
		{1780E32A-A36C-48C7-9528-4A196DF245C6}.Release|Any CPU.ActiveCfg = Release|Any CPU
		{1780E32A-A36C-48C7-9528-4A196DF245C6}.Release|Any CPU.Build.0 = Release|Any CPU
		{7EF3DC11-7186-4F80-AB6E-1E6CCFCB7742}.Debug|Any CPU.ActiveCfg = Debug|Any CPU
		{7EF3DC11-7186-4F80-AB6E-1E6CCFCB7742}.Debug|Any CPU.Build.0 = Debug|Any CPU
		{7EF3DC11-7186-4F80-AB6E-1E6CCFCB7742}.Release|Any CPU.ActiveCfg = Release|Any CPU
		{7EF3DC11-7186-4F80-AB6E-1E6CCFCB7742}.Release|Any CPU.Build.0 = Release|Any CPU
	EndGlobalSection
	GlobalSection(SolutionProperties) = preSolution
		HideSolutionNode = FALSE
	EndGlobalSection
	GlobalSection(ExtensibilityGlobals) = postSolution
		SolutionGuid = {A4801DCA-6418-4B7B-8F18-4AC9C85135E3}
	EndGlobalSection
EndGlobal
